// !$*UTF8*$!
{
	archiveVersion = 1;
	classes = {
	};
	objectVersion = 56;
	objects = {

/* Begin PBXBuildFile section */
		CFD77D0A8AB523F422EC8C21 /* Pods_MoviesApp.framework in Frameworks */ = {isa = PBXBuildFile; fileRef = 8B4CC7189E6E16C0E91C86ED /* Pods_MoviesApp.framework */; };
		D223B4BB2A05C168006A232B /* AppDelegate.swift in Sources */ = {isa = PBXBuildFile; fileRef = D223B4BA2A05C168006A232B /* AppDelegate.swift */; };
		D223B4BD2A05C168006A232B /* SceneDelegate.swift in Sources */ = {isa = PBXBuildFile; fileRef = D223B4BC2A05C168006A232B /* SceneDelegate.swift */; };
		D223B4BF2A05C168006A232B /* ViewController.swift in Sources */ = {isa = PBXBuildFile; fileRef = D223B4BE2A05C168006A232B /* ViewController.swift */; };
		D223B4C22A05C168006A232B /* Main.storyboard in Resources */ = {isa = PBXBuildFile; fileRef = D223B4C02A05C168006A232B /* Main.storyboard */; };
		D223B4C42A05C169006A232B /* Assets.xcassets in Resources */ = {isa = PBXBuildFile; fileRef = D223B4C32A05C169006A232B /* Assets.xcassets */; };
		D223B4C72A05C169006A232B /* LaunchScreen.storyboard in Resources */ = {isa = PBXBuildFile; fileRef = D223B4C52A05C169006A232B /* LaunchScreen.storyboard */; };
		D223B4D02A0729F4006A232B /* CarouselTableViewCell.swift in Sources */ = {isa = PBXBuildFile; fileRef = D223B4CE2A0729F4006A232B /* CarouselTableViewCell.swift */; };
		D223B4D12A0729F4006A232B /* CarouselTableViewCell.xib in Resources */ = {isa = PBXBuildFile; fileRef = D223B4CF2A0729F4006A232B /* CarouselTableViewCell.xib */; };
		D223B4D42A072D55006A232B /* MovieCollectionViewCell.swift in Sources */ = {isa = PBXBuildFile; fileRef = D223B4D22A072D55006A232B /* MovieCollectionViewCell.swift */; };
		D223B4D52A072D55006A232B /* MovieCollectionViewCell.xib in Resources */ = {isa = PBXBuildFile; fileRef = D223B4D32A072D55006A232B /* MovieCollectionViewCell.xib */; };
		D28709052A0DCD2B00677165 /* Client.swift in Sources */ = {isa = PBXBuildFile; fileRef = D28709042A0DCD2B00677165 /* Client.swift */; };
		D28709082A0DCF9600677165 /* Movie.swift in Sources */ = {isa = PBXBuildFile; fileRef = D28709072A0DCF9600677165 /* Movie.swift */; };
		D2F2F9D32A24392A00F91A02 /* RecommendedTableViewCell.swift in Sources */ = {isa = PBXBuildFile; fileRef = D2F2F9D12A24392A00F91A02 /* RecommendedTableViewCell.swift */; };
		D2F2F9D42A24392A00F91A02 /* RecommendedTableViewCell.xib in Resources */ = {isa = PBXBuildFile; fileRef = D2F2F9D22A24392A00F91A02 /* RecommendedTableViewCell.xib */; };
/* End PBXBuildFile section */

/* Begin PBXFileReference section */
		397F25237952434190EC76A1 /* Pods-MoviesApp.debug.xcconfig */ = {isa = PBXFileReference; includeInIndex = 1; lastKnownFileType = text.xcconfig; name = "Pods-MoviesApp.debug.xcconfig"; path = "Target Support Files/Pods-MoviesApp/Pods-MoviesApp.debug.xcconfig"; sourceTree = "<group>"; };
		5181C9C6B94A6BF127C8B5E5 /* Pods-MoviesApp.release.xcconfig */ = {isa = PBXFileReference; includeInIndex = 1; lastKnownFileType = text.xcconfig; name = "Pods-MoviesApp.release.xcconfig"; path = "Target Support Files/Pods-MoviesApp/Pods-MoviesApp.release.xcconfig"; sourceTree = "<group>"; };
		8B4CC7189E6E16C0E91C86ED /* Pods_MoviesApp.framework */ = {isa = PBXFileReference; explicitFileType = wrapper.framework; includeInIndex = 0; path = Pods_MoviesApp.framework; sourceTree = BUILT_PRODUCTS_DIR; };
		D223B4B72A05C168006A232B /* MoviesApp.app */ = {isa = PBXFileReference; explicitFileType = wrapper.application; includeInIndex = 0; path = MoviesApp.app; sourceTree = BUILT_PRODUCTS_DIR; };
		D223B4BA2A05C168006A232B /* AppDelegate.swift */ = {isa = PBXFileReference; lastKnownFileType = sourcecode.swift; path = AppDelegate.swift; sourceTree = "<group>"; };
		D223B4BC2A05C168006A232B /* SceneDelegate.swift */ = {isa = PBXFileReference; lastKnownFileType = sourcecode.swift; path = SceneDelegate.swift; sourceTree = "<group>"; };
		D223B4BE2A05C168006A232B /* ViewController.swift */ = {isa = PBXFileReference; lastKnownFileType = sourcecode.swift; path = ViewController.swift; sourceTree = "<group>"; };
		D223B4C12A05C168006A232B /* Base */ = {isa = PBXFileReference; lastKnownFileType = file.storyboard; name = Base; path = Base.lproj/Main.storyboard; sourceTree = "<group>"; };
		D223B4C32A05C169006A232B /* Assets.xcassets */ = {isa = PBXFileReference; lastKnownFileType = folder.assetcatalog; path = Assets.xcassets; sourceTree = "<group>"; };
		D223B4C62A05C169006A232B /* Base */ = {isa = PBXFileReference; lastKnownFileType = file.storyboard; name = Base; path = Base.lproj/LaunchScreen.storyboard; sourceTree = "<group>"; };
		D223B4C82A05C169006A232B /* Info.plist */ = {isa = PBXFileReference; lastKnownFileType = text.plist.xml; path = Info.plist; sourceTree = "<group>"; };
		D223B4CE2A0729F4006A232B /* CarouselTableViewCell.swift */ = {isa = PBXFileReference; lastKnownFileType = sourcecode.swift; path = CarouselTableViewCell.swift; sourceTree = "<group>"; };
		D223B4CF2A0729F4006A232B /* CarouselTableViewCell.xib */ = {isa = PBXFileReference; lastKnownFileType = file.xib; path = CarouselTableViewCell.xib; sourceTree = "<group>"; };
		D223B4D22A072D55006A232B /* MovieCollectionViewCell.swift */ = {isa = PBXFileReference; lastKnownFileType = sourcecode.swift; path = MovieCollectionViewCell.swift; sourceTree = "<group>"; };
		D223B4D32A072D55006A232B /* MovieCollectionViewCell.xib */ = {isa = PBXFileReference; lastKnownFileType = file.xib; path = MovieCollectionViewCell.xib; sourceTree = "<group>"; };
		D28709042A0DCD2B00677165 /* Client.swift */ = {isa = PBXFileReference; lastKnownFileType = sourcecode.swift; path = Client.swift; sourceTree = "<group>"; };
		D28709072A0DCF9600677165 /* Movie.swift */ = {isa = PBXFileReference; lastKnownFileType = sourcecode.swift; path = Movie.swift; sourceTree = "<group>"; };
		D2F2F9D12A24392A00F91A02 /* RecommendedTableViewCell.swift */ = {isa = PBXFileReference; lastKnownFileType = sourcecode.swift; path = RecommendedTableViewCell.swift; sourceTree = "<group>"; };
		D2F2F9D22A24392A00F91A02 /* RecommendedTableViewCell.xib */ = {isa = PBXFileReference; lastKnownFileType = file.xib; path = RecommendedTableViewCell.xib; sourceTree = "<group>"; };
/* End PBXFileReference section */

/* Begin PBXFrameworksBuildPhase section */
		D223B4B42A05C168006A232B /* Frameworks */ = {
			isa = PBXFrameworksBuildPhase;
			buildActionMask = 2147483647;
			files = (
				CFD77D0A8AB523F422EC8C21 /* Pods_MoviesApp.framework in Frameworks */,
			);
			runOnlyForDeploymentPostprocessing = 0;
		};
/* End PBXFrameworksBuildPhase section */

/* Begin PBXGroup section */
		3E314AC01ACB8B91A0569733 /* Pods */ = {
			isa = PBXGroup;
			children = (
				397F25237952434190EC76A1 /* Pods-MoviesApp.debug.xcconfig */,
				5181C9C6B94A6BF127C8B5E5 /* Pods-MoviesApp.release.xcconfig */,
			);
			path = Pods;
			sourceTree = "<group>";
		};
		6A4A07ECE6E2FCE03700EE28 /* Frameworks */ = {
			isa = PBXGroup;
			children = (
				8B4CC7189E6E16C0E91C86ED /* Pods_MoviesApp.framework */,
			);
			name = Frameworks;
			sourceTree = "<group>";
		};
		D223B4AE2A05C168006A232B = {
			isa = PBXGroup;
			children = (
				D223B4B92A05C168006A232B /* MoviesApp */,
				D223B4B82A05C168006A232B /* Products */,
				3E314AC01ACB8B91A0569733 /* Pods */,
				6A4A07ECE6E2FCE03700EE28 /* Frameworks */,
			);
			sourceTree = "<group>";
		};
		D223B4B82A05C168006A232B /* Products */ = {
			isa = PBXGroup;
			children = (
				D223B4B72A05C168006A232B /* MoviesApp.app */,
			);
			name = Products;
			sourceTree = "<group>";
		};
		D223B4B92A05C168006A232B /* MoviesApp */ = {
			isa = PBXGroup;
			children = (
				D28709062A0DCF8800677165 /* Model */,
				D28709032A0DCD1700677165 /* Client */,
				D223B4BA2A05C168006A232B /* AppDelegate.swift */,
				D223B4BC2A05C168006A232B /* SceneDelegate.swift */,
				D223B4BE2A05C168006A232B /* ViewController.swift */,
				D223B4C02A05C168006A232B /* Main.storyboard */,
				D223B4C32A05C169006A232B /* Assets.xcassets */,
				D223B4C52A05C169006A232B /* LaunchScreen.storyboard */,
				D223B4C82A05C169006A232B /* Info.plist */,
				D223B4CE2A0729F4006A232B /* CarouselTableViewCell.swift */,
				D223B4CF2A0729F4006A232B /* CarouselTableViewCell.xib */,
				D223B4D22A072D55006A232B /* MovieCollectionViewCell.swift */,
				D223B4D32A072D55006A232B /* MovieCollectionViewCell.xib */,
				D2F2F9D12A24392A00F91A02 /* RecommendedTableViewCell.swift */,
				D2F2F9D22A24392A00F91A02 /* RecommendedTableViewCell.xib */,
			);
			path = MoviesApp;
			sourceTree = "<group>";
		};
		D28709032A0DCD1700677165 /* Client */ = {
			isa = PBXGroup;
			children = (
				D28709042A0DCD2B00677165 /* Client.swift */,
			);
			path = Client;
			sourceTree = "<group>";
		};
		D28709062A0DCF8800677165 /* Model */ = {
			isa = PBXGroup;
			children = (
				D28709072A0DCF9600677165 /* Movie.swift */,
			);
			path = Model;
			sourceTree = "<group>";
		};
/* End PBXGroup section */

/* Begin PBXNativeTarget section */
		D223B4B62A05C168006A232B /* MoviesApp */ = {
			isa = PBXNativeTarget;
			buildConfigurationList = D223B4CB2A05C169006A232B /* Build configuration list for PBXNativeTarget "MoviesApp" */;
			buildPhases = (
				DD46C2A009F0DF8E128D454F /* [CP] Check Pods Manifest.lock */,
				D223B4B32A05C168006A232B /* Sources */,
				D223B4B42A05C168006A232B /* Frameworks */,
				D223B4B52A05C168006A232B /* Resources */,
				ED8763D4B55C73D96FAB56EB /* [CP] Embed Pods Frameworks */,
			);
			buildRules = (
			);
			dependencies = (
			);
			name = MoviesApp;
			productName = MoviesApp;
			productReference = D223B4B72A05C168006A232B /* MoviesApp.app */;
			productType = "com.apple.product-type.application";
		};
/* End PBXNativeTarget section */

/* Begin PBXProject section */
		D223B4AF2A05C168006A232B /* Project object */ = {
			isa = PBXProject;
			attributes = {
				BuildIndependentTargetsInParallel = 1;
				LastSwiftUpdateCheck = 1420;
				LastUpgradeCheck = 1420;
				TargetAttributes = {
					D223B4B62A05C168006A232B = {
						CreatedOnToolsVersion = 14.2;
					};
				};
			};
			buildConfigurationList = D223B4B22A05C168006A232B /* Build configuration list for PBXProject "MoviesApp" */;
			compatibilityVersion = "Xcode 14.0";
			developmentRegion = en;
			hasScannedForEncodings = 0;
			knownRegions = (
				en,
				Base,
			);
			mainGroup = D223B4AE2A05C168006A232B;
			productRefGroup = D223B4B82A05C168006A232B /* Products */;
			projectDirPath = "";
			projectRoot = "";
			targets = (
				D223B4B62A05C168006A232B /* MoviesApp */,
			);
		};
/* End PBXProject section */

/* Begin PBXResourcesBuildPhase section */
		D223B4B52A05C168006A232B /* Resources */ = {
			isa = PBXResourcesBuildPhase;
			buildActionMask = 2147483647;
			files = (
				D223B4D52A072D55006A232B /* MovieCollectionViewCell.xib in Resources */,
				D2F2F9D42A24392A00F91A02 /* RecommendedTableViewCell.xib in Resources */,
				D223B4C72A05C169006A232B /* LaunchScreen.storyboard in Resources */,
				D223B4C42A05C169006A232B /* Assets.xcassets in Resources */,
				D223B4C22A05C168006A232B /* Main.storyboard in Resources */,
				D223B4D12A0729F4006A232B /* CarouselTableViewCell.xib in Resources */,
			);
			runOnlyForDeploymentPostprocessing = 0;
		};
/* End PBXResourcesBuildPhase section */

/* Begin PBXShellScriptBuildPhase section */
		DD46C2A009F0DF8E128D454F /* [CP] Check Pods Manifest.lock */ = {
			isa = PBXShellScriptBuildPhase;
			buildActionMask = 2147483647;
			files = (
			);
			inputFileListPaths = (
			);
			inputPaths = (
				"${PODS_PODFILE_DIR_PATH}/Podfile.lock",
				"${PODS_ROOT}/Manifest.lock",
			);
			name = "[CP] Check Pods Manifest.lock";
			outputFileListPaths = (
			);
			outputPaths = (
				"$(DERIVED_FILE_DIR)/Pods-MoviesApp-checkManifestLockResult.txt",
			);
			runOnlyForDeploymentPostprocessing = 0;
			shellPath = /bin/sh;
			shellScript = "diff \"${PODS_PODFILE_DIR_PATH}/Podfile.lock\" \"${PODS_ROOT}/Manifest.lock\" > /dev/null\nif [ $? != 0 ] ; then\n    # print error to STDERR\n    echo \"error: The sandbox is not in sync with the Podfile.lock. Run 'pod install' or update your CocoaPods installation.\" >&2\n    exit 1\nfi\n# This output is used by Xcode 'outputs' to avoid re-running this script phase.\necho \"SUCCESS\" > \"${SCRIPT_OUTPUT_FILE_0}\"\n";
			showEnvVarsInLog = 0;
		};
		ED8763D4B55C73D96FAB56EB /* [CP] Embed Pods Frameworks */ = {
			isa = PBXShellScriptBuildPhase;
			buildActionMask = 2147483647;
			files = (
			);
			inputFileListPaths = (
				"${PODS_ROOT}/Target Support Files/Pods-MoviesApp/Pods-MoviesApp-frameworks-${CONFIGURATION}-input-files.xcfilelist",
			);
			name = "[CP] Embed Pods Frameworks";
			outputFileListPaths = (
				"${PODS_ROOT}/Target Support Files/Pods-MoviesApp/Pods-MoviesApp-frameworks-${CONFIGURATION}-output-files.xcfilelist",
			);
			runOnlyForDeploymentPostprocessing = 0;
			shellPath = /bin/sh;
			shellScript = "\"${PODS_ROOT}/Target Support Files/Pods-MoviesApp/Pods-MoviesApp-frameworks.sh\"\n";
			showEnvVarsInLog = 0;
		};
/* End PBXShellScriptBuildPhase section */

/* Begin PBXSourcesBuildPhase section */
		D223B4B32A05C168006A232B /* Sources */ = {
			isa = PBXSourcesBuildPhase;
			buildActionMask = 2147483647;
			files = (
				D28709082A0DCF9600677165 /* Movie.swift in Sources */,
				D223B4BF2A05C168006A232B /* ViewController.swift in Sources */,
				D223B4BB2A05C168006A232B /* AppDelegate.swift in Sources */,
				D28709052A0DCD2B00677165 /* Client.swift in Sources */,
				D223B4D42A072D55006A232B /* MovieCollectionViewCell.swift in Sources */,
				D223B4BD2A05C168006A232B /* SceneDelegate.swift in Sources */,
				D223B4D02A0729F4006A232B /* CarouselTableViewCell.swift in Sources */,
				D2F2F9D32A24392A00F91A02 /* RecommendedTableViewCell.swift in Sources */,
			);
			runOnlyForDeploymentPostprocessing = 0;
		};
/* End PBXSourcesBuildPhase section */

/* Begin PBXVariantGroup section */
		D223B4C02A05C168006A232B /* Main.storyboard */ = {
			isa = PBXVariantGroup;
			children = (
				D223B4C12A05C168006A232B /* Base */,
			);
			name = Main.storyboard;
			sourceTree = "<group>";
		};
		D223B4C52A05C169006A232B /* LaunchScreen.storyboard */ = {
			isa = PBXVariantGroup;
			children = (
				D223B4C62A05C169006A232B /* Base */,
			);
			name = LaunchScreen.storyboard;
			sourceTree = "<group>";
		};
/* End PBXVariantGroup section */

/* Begin XCBuildConfiguration section */
		D223B4C92A05C169006A232B /* Debug */ = {
			isa = XCBuildConfiguration;
			buildSettings = {
				ALWAYS_SEARCH_USER_PATHS = NO;
				CLANG_ANALYZER_NONNULL = YES;
				CLANG_ANALYZER_NUMBER_OBJECT_CONVERSION = YES_AGGRESSIVE;
				CLANG_CXX_LANGUAGE_STANDARD = "gnu++20";
				CLANG_ENABLE_MODULES = YES;
				CLANG_ENABLE_OBJC_ARC = YES;
				CLANG_ENABLE_OBJC_WEAK = YES;
				CLANG_WARN_BLOCK_CAPTURE_AUTORELEASING = YES;
				CLANG_WARN_BOOL_CONVERSION = YES;
				CLANG_WARN_COMMA = YES;
				CLANG_WARN_CONSTANT_CONVERSION = YES;
				CLANG_WARN_DEPRECATED_OBJC_IMPLEMENTATIONS = YES;
				CLANG_WARN_DIRECT_OBJC_ISA_USAGE = YES_ERROR;
				CLANG_WARN_DOCUMENTATION_COMMENTS = YES;
				CLANG_WARN_EMPTY_BODY = YES;
				CLANG_WARN_ENUM_CONVERSION = YES;
				CLANG_WARN_INFINITE_RECURSION = YES;
				CLANG_WARN_INT_CONVERSION = YES;
				CLANG_WARN_NON_LITERAL_NULL_CONVERSION = YES;
				CLANG_WARN_OBJC_IMPLICIT_RETAIN_SELF = YES;
				CLANG_WARN_OBJC_LITERAL_CONVERSION = YES;
				CLANG_WARN_OBJC_ROOT_CLASS = YES_ERROR;
				CLANG_WARN_QUOTED_INCLUDE_IN_FRAMEWORK_HEADER = YES;
				CLANG_WARN_RANGE_LOOP_ANALYSIS = YES;
				CLANG_WARN_STRICT_PROTOTYPES = YES;
				CLANG_WARN_SUSPICIOUS_MOVE = YES;
				CLANG_WARN_UNGUARDED_AVAILABILITY = YES_AGGRESSIVE;
				CLANG_WARN_UNREACHABLE_CODE = YES;
				CLANG_WARN__DUPLICATE_METHOD_MATCH = YES;
				COPY_PHASE_STRIP = NO;
				DEBUG_INFORMATION_FORMAT = dwarf;
				ENABLE_STRICT_OBJC_MSGSEND = YES;
				ENABLE_TESTABILITY = YES;
				GCC_C_LANGUAGE_STANDARD = gnu11;
				GCC_DYNAMIC_NO_PIC = NO;
				GCC_NO_COMMON_BLOCKS = YES;
				GCC_OPTIMIZATION_LEVEL = 0;
				GCC_PREPROCESSOR_DEFINITIONS = (
					"DEBUG=1",
					"$(inherited)",
				);
				GCC_WARN_64_TO_32_BIT_CONVERSION = YES;
				GCC_WARN_ABOUT_RETURN_TYPE = YES_ERROR;
				GCC_WARN_UNDECLARED_SELECTOR = YES;
				GCC_WARN_UNINITIALIZED_AUTOS = YES_AGGRESSIVE;
				GCC_WARN_UNUSED_FUNCTION = YES;
				GCC_WARN_UNUSED_VARIABLE = YES;
				IPHONEOS_DEPLOYMENT_TARGET = 16.2;
				MTL_ENABLE_DEBUG_INFO = INCLUDE_SOURCE;
				MTL_FAST_MATH = YES;
				ONLY_ACTIVE_ARCH = YES;
				SDKROOT = iphoneos;
				SWIFT_ACTIVE_COMPILATION_CONDITIONS = DEBUG;
				SWIFT_OPTIMIZATION_LEVEL = "-Onone";
			};
			name = Debug;
		};
		D223B4CA2A05C169006A232B /* Release */ = {
			isa = XCBuildConfiguration;
			buildSettings = {
				ALWAYS_SEARCH_USER_PATHS = NO;
				CLANG_ANALYZER_NONNULL = YES;
				CLANG_ANALYZER_NUMBER_OBJECT_CONVERSION = YES_AGGRESSIVE;
				CLANG_CXX_LANGUAGE_STANDARD = "gnu++20";
				CLANG_ENABLE_MODULES = YES;
				CLANG_ENABLE_OBJC_ARC = YES;
				CLANG_ENABLE_OBJC_WEAK = YES;
				CLANG_WARN_BLOCK_CAPTURE_AUTORELEASING = YES;
				CLANG_WARN_BOOL_CONVERSION = YES;
				CLANG_WARN_COMMA = YES;
				CLANG_WARN_CONSTANT_CONVERSION = YES;
				CLANG_WARN_DEPRECATED_OBJC_IMPLEMENTATIONS = YES;
				CLANG_WARN_DIRECT_OBJC_ISA_USAGE = YES_ERROR;
				CLANG_WARN_DOCUMENTATION_COMMENTS = YES;
				CLANG_WARN_EMPTY_BODY = YES;
				CLANG_WARN_ENUM_CONVERSION = YES;
				CLANG_WARN_INFINITE_RECURSION = YES;
				CLANG_WARN_INT_CONVERSION = YES;
				CLANG_WARN_NON_LITERAL_NULL_CONVERSION = YES;
				CLANG_WARN_OBJC_IMPLICIT_RETAIN_SELF = YES;
				CLANG_WARN_OBJC_LITERAL_CONVERSION = YES;
				CLANG_WARN_OBJC_ROOT_CLASS = YES_ERROR;
				CLANG_WARN_QUOTED_INCLUDE_IN_FRAMEWORK_HEADER = YES;
				CLANG_WARN_RANGE_LOOP_ANALYSIS = YES;
				CLANG_WARN_STRICT_PROTOTYPES = YES;
				CLANG_WARN_SUSPICIOUS_MOVE = YES;
				CLANG_WARN_UNGUARDED_AVAILABILITY = YES_AGGRESSIVE;
				CLANG_WARN_UNREACHABLE_CODE = YES;
				CLANG_WARN__DUPLICATE_METHOD_MATCH = YES;
				COPY_PHASE_STRIP = NO;
				DEBUG_INFORMATION_FORMAT = "dwarf-with-dsym";
				ENABLE_NS_ASSERTIONS = NO;
				ENABLE_STRICT_OBJC_MSGSEND = YES;
				GCC_C_LANGUAGE_STANDARD = gnu11;
				GCC_NO_COMMON_BLOCKS = YES;
				GCC_WARN_64_TO_32_BIT_CONVERSION = YES;
				GCC_WARN_ABOUT_RETURN_TYPE = YES_ERROR;
				GCC_WARN_UNDECLARED_SELECTOR = YES;
				GCC_WARN_UNINITIALIZED_AUTOS = YES_AGGRESSIVE;
				GCC_WARN_UNUSED_FUNCTION = YES;
				GCC_WARN_UNUSED_VARIABLE = YES;
				IPHONEOS_DEPLOYMENT_TARGET = 16.2;
				MTL_ENABLE_DEBUG_INFO = NO;
				MTL_FAST_MATH = YES;
				SDKROOT = iphoneos;
				SWIFT_COMPILATION_MODE = wholemodule;
				SWIFT_OPTIMIZATION_LEVEL = "-O";
				VALIDATE_PRODUCT = YES;
			};
			name = Release;
		};
		D223B4CC2A05C169006A232B /* Debug */ = {
			isa = XCBuildConfiguration;
			baseConfigurationReference = 397F25237952434190EC76A1 /* Pods-MoviesApp.debug.xcconfig */;
			buildSettings = {
				ASSETCATALOG_COMPILER_APPICON_NAME = AppIcon;
				ASSETCATALOG_COMPILER_GLOBAL_ACCENT_COLOR_NAME = AccentColor;
				CODE_SIGN_STYLE = Automatic;
				CURRENT_PROJECT_VERSION = 1;
				GENERATE_INFOPLIST_FILE = YES;
				INFOPLIST_FILE = MoviesApp/Info.plist;
				INFOPLIST_KEY_UIApplicationSupportsIndirectInputEvents = YES;
				INFOPLIST_KEY_UILaunchStoryboardName = LaunchScreen;
				INFOPLIST_KEY_UIMainStoryboardFile = Main;
				INFOPLIST_KEY_UISupportedInterfaceOrientations_iPad = "UIInterfaceOrientationPortrait UIInterfaceOrientationPortraitUpsideDown UIInterfaceOrientationLandscapeLeft UIInterfaceOrientationLandscapeRight";
				INFOPLIST_KEY_UISupportedInterfaceOrientations_iPhone = "UIInterfaceOrientationPortrait UIInterfaceOrientationLandscapeLeft UIInterfaceOrientationLandscapeRight";
				LD_RUNPATH_SEARCH_PATHS = (
					"$(inherited)",
					"@executable_path/Frameworks",
				);
				MARKETING_VERSION = 1.0;
				PRODUCT_BUNDLE_IDENTIFIER = diana.com.MoviesApp;
				PRODUCT_NAME = "$(TARGET_NAME)";
				SWIFT_EMIT_LOC_STRINGS = YES;
				SWIFT_VERSION = 5.0;
				TARGETED_DEVICE_FAMILY = "1,2";
			};
			name = Debug;
		};
		D223B4CD2A05C169006A232B /* Release */ = {
			isa = XCBuildConfiguration;
			baseConfigurationReference = 5181C9C6B94A6BF127C8B5E5 /* Pods-MoviesApp.release.xcconfig */;
			buildSettings = {
				ASSETCATALOG_COMPILER_APPICON_NAME = AppIcon;
				ASSETCATALOG_COMPILER_GLOBAL_ACCENT_COLOR_NAME = AccentColor;
				CODE_SIGN_STYLE = Automatic;
				CURRENT_PROJECT_VERSION = 1;
				GENERATE_INFOPLIST_FILE = YES;
				INFOPLIST_FILE = MoviesApp/Info.plist;
				INFOPLIST_KEY_UIApplicationSupportsIndirectInputEvents = YES;
				INFOPLIST_KEY_UILaunchStoryboardName = LaunchScreen;
				INFOPLIST_KEY_UIMainStoryboardFile = Main;
				INFOPLIST_KEY_UISupportedInterfaceOrientations_iPad = "UIInterfaceOrientationPortrait UIInterfaceOrientationPortraitUpsideDown UIInterfaceOrientationLandscapeLeft UIInterfaceOrientationLandscapeRight";
				INFOPLIST_KEY_UISupportedInterfaceOrientations_iPhone = "UIInterfaceOrientationPortrait UIInterfaceOrientationLandscapeLeft UIInterfaceOrientationLandscapeRight";
				LD_RUNPATH_SEARCH_PATHS = (
					"$(inherited)",
					"@executable_path/Frameworks",
				);
				MARKETING_VERSION = 1.0;
				PRODUCT_BUNDLE_IDENTIFIER = diana.com.MoviesApp;
				PRODUCT_NAME = "$(TARGET_NAME)";
				SWIFT_EMIT_LOC_STRINGS = YES;
				SWIFT_VERSION = 5.0;
				TARGETED_DEVICE_FAMILY = "1,2";
			};
			name = Release;
		};
/* End XCBuildConfiguration section */

/* Begin XCConfigurationList section */
		D223B4B22A05C168006A232B /* Build configuration list for PBXProject "MoviesApp" */ = {
			isa = XCConfigurationList;
			buildConfigurations = (
				D223B4C92A05C169006A232B /* Debug */,
				D223B4CA2A05C169006A232B /* Release */,
			);
			defaultConfigurationIsVisible = 0;
			defaultConfigurationName = Release;
		};
		D223B4CB2A05C169006A232B /* Build configuration list for PBXNativeTarget "MoviesApp" */ = {
			isa = XCConfigurationList;
			buildConfigurations = (
				D223B4CC2A05C169006A232B /* Debug */,
				D223B4CD2A05C169006A232B /* Release */,
			);
			defaultConfigurationIsVisible = 0;
			defaultConfigurationName = Release;
		};
/* End XCConfigurationList section */
	};
	rootObject = D223B4AF2A05C168006A232B /* Project object */;
}
